
Microsoft Visual Studio Solution File, Format Version 12.00
# Visual Studio 15
VisualStudioVersion = 15.0.27703.2000
MinimumVisualStudioVersion = 10.0.40219.1
Project("{FAE04EC0-301F-11D3-BF4B-00C04F79EFBC}") = "QuiApp", "QuiApp\QuiApp.csproj", "{9344A3FB-CE9C-4B5C-A107-DE5018088B9F}"
EndProject
Global
	GlobalSection(SolutionConfigurationPlatforms) = preSolution
		Debug|Any CPU = Debug|Any CPU
		Release|Any CPU = Release|Any CPU
	EndGlobalSection
	GlobalSection(ProjectConfigurationPlatforms) = postSolution
		{9344A3FB-CE9C-4B5C-A107-DE5018088B9F}.Debug|Any CPU.ActiveCfg = Debug|Any CPU
		{9344A3FB-CE9C-4B5C-A107-DE5018088B9F}.Debug|Any CPU.Build.0 = Debug|Any CPU
		{9344A3FB-CE9C-4B5C-A107-DE5018088B9F}.Release|Any CPU.ActiveCfg = Release|Any CPU
		{9344A3FB-CE9C-4B5C-A107-DE5018088B9F}.Release|Any CPU.Build.0 = Release|Any CPU
	EndGlobalSection
	GlobalSection(SolutionProperties) = preSolution
		HideSolutionNode = FALSE
	EndGlobalSection
	GlobalSection(ExtensibilityGlobals) = postSolution
		SolutionGuid = {EB82F0FC-32AA-4149-8DB3-D104C1D48F1C}
	EndGlobalSection
EndGlobal
